
Microsoft Visual Studio Solution File, Format Version 12.00
# Visual Studio Version 16
VisualStudioVersion = 16.0.30503.244
MinimumVisualStudioVersion = 10.0.40219.1
Project("{FAE04EC0-301F-11D3-BF4B-00C04F79EFBC}") = "Clibeat", "Clibeat\Clibeat.csproj", "{7566CADC-27FD-4F8B-AECC-6DD7A49340FD}"
EndProject
Global
	GlobalSection(SolutionConfigurationPlatforms) = preSolution
		Debug|Any CPU = Debug|Any CPU
		Release|Any CPU = Release|Any CPU
	EndGlobalSection
	GlobalSection(ProjectConfigurationPlatforms) = postSolution
		{7566CADC-27FD-4F8B-AECC-6DD7A49340FD}.Debug|Any CPU.ActiveCfg = Debug|Any CPU
		{7566CADC-27FD-4F8B-AECC-6DD7A49340FD}.Debug|Any CPU.Build.0 = Debug|Any CPU
		{7566CADC-27FD-4F8B-AECC-6DD7A49340FD}.Release|Any CPU.ActiveCfg = Release|Any CPU
		{7566CADC-27FD-4F8B-AECC-6DD7A49340FD}.Release|Any CPU.Build.0 = Release|Any CPU
	EndGlobalSection
	GlobalSection(SolutionProperties) = preSolution
		HideSolutionNode = FALSE
	EndGlobalSection
	GlobalSection(ExtensibilityGlobals) = postSolution
		SolutionGuid = {7564680F-9FEB-46B9-B0D7-0C870F4257BA}
	EndGlobalSection
EndGlobal
